# THIS IS AN AUTOGENERATED FILE. DO NOT EDIT THIS FILE DIRECTLY.
# yarn lockfile v1


"@fontsource/source-code-pro@^4.5.1":
  version "4.5.1"
  resolved "https://registry.yarnpkg.com/@fontsource/source-code-pro/-/source-code-pro-4.5.1.tgz#7be223bf73e489330e5ad97de430251cda4ff0fb"
  integrity sha512-NVTR9MBd5Dkzd6JDolLft0KM92RISbw0rhNKUuywGMxovAD7LypE5Cb4u0+lAylV3tRzQkLAsspCwMLzclscdQ==
